
Microsoft Visual Studio Solution File, Format Version 12.00
# Visual Studio 15
VisualStudioVersion = 15.0.28010.2036
MinimumVisualStudioVersion = 10.0.40219.1
Project("{FAE04EC0-301F-11D3-BF4B-00C04F79EFBC}") = "XFButtonGestureRecognizersIssue.Android", "XFButtonGestureRecognizersIssue\XFButtonGestureRecognizersIssue.Android\XFButtonGestureRecognizersIssue.Android.csproj", "{4C40AEF5-1747-4E83-BA2D-70B86FCB7F98}"
EndProject
Project("{FAE04EC0-301F-11D3-BF4B-00C04F79EFBC}") = "XFButtonGestureRecognizersIssue", "XFButtonGestureRecognizersIssue\XFButtonGestureRecognizersIssue\XFButtonGestureRecognizersIssue.csproj", "{EE45F237-FD33-429F-A1B3-87FBCE03D6F9}"
EndProject
Global
	GlobalSection(SolutionConfigurationPlatforms) = preSolution
		Debug|Any CPU = Debug|Any CPU
		Release|Any CPU = Release|Any CPU
	EndGlobalSection
	GlobalSection(ProjectConfigurationPlatforms) = postSolution
		{4C40AEF5-1747-4E83-BA2D-70B86FCB7F98}.Debug|Any CPU.ActiveCfg = Debug|Any CPU
		{4C40AEF5-1747-4E83-BA2D-70B86FCB7F98}.Debug|Any CPU.Build.0 = Debug|Any CPU
		{4C40AEF5-1747-4E83-BA2D-70B86FCB7F98}.Debug|Any CPU.Deploy.0 = Debug|Any CPU
		{4C40AEF5-1747-4E83-BA2D-70B86FCB7F98}.Release|Any CPU.ActiveCfg = Release|Any CPU
		{4C40AEF5-1747-4E83-BA2D-70B86FCB7F98}.Release|Any CPU.Build.0 = Release|Any CPU
		{4C40AEF5-1747-4E83-BA2D-70B86FCB7F98}.Release|Any CPU.Deploy.0 = Release|Any CPU
		{EE45F237-FD33-429F-A1B3-87FBCE03D6F9}.Debug|Any CPU.ActiveCfg = Debug|Any CPU
		{EE45F237-FD33-429F-A1B3-87FBCE03D6F9}.Debug|Any CPU.Build.0 = Debug|Any CPU
		{EE45F237-FD33-429F-A1B3-87FBCE03D6F9}.Debug|Any CPU.Deploy.0 = Debug|Any CPU
		{EE45F237-FD33-429F-A1B3-87FBCE03D6F9}.Release|Any CPU.ActiveCfg = Release|Any CPU
		{EE45F237-FD33-429F-A1B3-87FBCE03D6F9}.Release|Any CPU.Build.0 = Release|Any CPU
		{EE45F237-FD33-429F-A1B3-87FBCE03D6F9}.Release|Any CPU.Deploy.0 = Release|Any CPU
	EndGlobalSection
	GlobalSection(SolutionProperties) = preSolution
		HideSolutionNode = FALSE
	EndGlobalSection
	GlobalSection(ExtensibilityGlobals) = postSolution
		SolutionGuid = {445F5291-F602-4A76-833D-141A92C72146}
	EndGlobalSection
EndGlobal
